
Microsoft Visual Studio Solution File, Format Version 12.00
# Visual Studio Version 17
VisualStudioVersion = 17.9.34607.119
MinimumVisualStudioVersion = 10.0.40219.1
Project("{FAE04EC0-301F-11D3-BF4B-00C04F79EFBC}") = "Bank2", "Bank2\Bank2.csproj", "{ECEF3044-59FA-40D2-8A32-D75A98F32A41}"
EndProject
Project("{FAE04EC0-301F-11D3-BF4B-00C04F79EFBC}") = "BankTests", "BankTests\BankTests.csproj", "{705D0411-866F-488A-9F08-8F049D18CCA1}"
EndProject
Global
	GlobalSection(SolutionConfigurationPlatforms) = preSolution
		Debug|Any CPU = Debug|Any CPU
		Release|Any CPU = Release|Any CPU
	EndGlobalSection
	GlobalSection(ProjectConfigurationPlatforms) = postSolution
		{ECEF3044-59FA-40D2-8A32-D75A98F32A41}.Debug|Any CPU.ActiveCfg = Debug|Any CPU
		{ECEF3044-59FA-40D2-8A32-D75A98F32A41}.Debug|Any CPU.Build.0 = Debug|Any CPU
		{ECEF3044-59FA-40D2-8A32-D75A98F32A41}.Release|Any CPU.ActiveCfg = Release|Any CPU
		{ECEF3044-59FA-40D2-8A32-D75A98F32A41}.Release|Any CPU.Build.0 = Release|Any CPU
		{705D0411-866F-488A-9F08-8F049D18CCA1}.Debug|Any CPU.ActiveCfg = Debug|Any CPU
		{705D0411-866F-488A-9F08-8F049D18CCA1}.Debug|Any CPU.Build.0 = Debug|Any CPU
		{705D0411-866F-488A-9F08-8F049D18CCA1}.Release|Any CPU.ActiveCfg = Release|Any CPU
		{705D0411-866F-488A-9F08-8F049D18CCA1}.Release|Any CPU.Build.0 = Release|Any CPU
	EndGlobalSection
	GlobalSection(SolutionProperties) = preSolution
		HideSolutionNode = FALSE
	EndGlobalSection
	GlobalSection(ExtensibilityGlobals) = postSolution
		SolutionGuid = {0601B04F-7FDF-48E2-AB13-45F0D0D549B6}
	EndGlobalSection
EndGlobal
